
Microsoft Visual Studio Solution File, Format Version 12.00
# Visual Studio Version 17
VisualStudioVersion = 17.1.32328.378
MinimumVisualStudioVersion = 10.0.40219.1
Project("{FAE04EC0-301F-11D3-BF4B-00C04F79EFBC}") = "CardGameLogic", "CardGameLogic\CardGameLogic.csproj", "{4D947486-2EF5-4B7A-9B5B-32E5ADF87C93}"
EndProject
Project("{FAE04EC0-301F-11D3-BF4B-00C04F79EFBC}") = "CardGameUI", "CardGameUI\CardGameUI.csproj", "{0B8E7239-D459-4F9F-907B-1E6E44C2F499}"
EndProject
Project("{FAE04EC0-301F-11D3-BF4B-00C04F79EFBC}") = "CardGameDurak.Logic", "CardGameDurak.Logic\CardGameDurak.Logic.csproj", "{EAF8B8D7-E712-40A3-B5F8-87DD51690E76}"
EndProject
Project("{2150E333-8FDC-42A3-9474-1A3956D46DE8}") = "Solution Items", "Solution Items", "{25F782CD-1317-495F-A357-A7D1A5FA5E39}"
	ProjectSection(SolutionItems) = preProject
		.editorconfig = .editorconfig
	EndProjectSection
EndProject
Project("{FAE04EC0-301F-11D3-BF4B-00C04F79EFBC}") = "CardGameDurak.UI", "CardGameDurak.UI\CardGameDurak.UI.csproj", "{CBE12D35-54F1-4F73-AF6A-2C1C34993964}"
EndProject
Project("{FAE04EC0-301F-11D3-BF4B-00C04F79EFBC}") = "CardGameDurak.Network", "CardGameDurak.Network\CardGameDurak.Network.csproj", "{5353F520-723C-4927-97B1-263FAAD97A16}"
EndProject
Project("{FAE04EC0-301F-11D3-BF4B-00C04F79EFBC}") = "CardGameDurak.Logic.Tests", "CardGameDurak.Logic.Tests\CardGameDurak.Logic.Tests.csproj", "{17391DB3-F0A1-45D1-B776-2C41B28B1086}"
EndProject
Project("{FAE04EC0-301F-11D3-BF4B-00C04F79EFBC}") = "CardGameDurak.Network.Tests", "CardGameDurak.Network.Tests\CardGameDurak.Network.Tests.csproj", "{1E4529F1-2EDC-4837-8072-528EEB9F916C}"
EndProject
Project("{FAE04EC0-301F-11D3-BF4B-00C04F79EFBC}") = "CardGameDurak.Service", "CardGameDurak.Service\CardGameDurak.Service.csproj", "{AFCC4F52-82D8-4177-B510-5394DF8DEFD6}"
EndProject
Global
	GlobalSection(SolutionConfigurationPlatforms) = preSolution
		Debug|Any CPU = Debug|Any CPU
		Release|Any CPU = Release|Any CPU
	EndGlobalSection
	GlobalSection(ProjectConfigurationPlatforms) = postSolution
		{4D947486-2EF5-4B7A-9B5B-32E5ADF87C93}.Debug|Any CPU.ActiveCfg = Debug|Any CPU
		{4D947486-2EF5-4B7A-9B5B-32E5ADF87C93}.Debug|Any CPU.Build.0 = Debug|Any CPU
		{4D947486-2EF5-4B7A-9B5B-32E5ADF87C93}.Release|Any CPU.ActiveCfg = Release|Any CPU
		{4D947486-2EF5-4B7A-9B5B-32E5ADF87C93}.Release|Any CPU.Build.0 = Release|Any CPU
		{0B8E7239-D459-4F9F-907B-1E6E44C2F499}.Debug|Any CPU.ActiveCfg = Debug|Any CPU
		{0B8E7239-D459-4F9F-907B-1E6E44C2F499}.Debug|Any CPU.Build.0 = Debug|Any CPU
		{0B8E7239-D459-4F9F-907B-1E6E44C2F499}.Release|Any CPU.ActiveCfg = Release|Any CPU
		{0B8E7239-D459-4F9F-907B-1E6E44C2F499}.Release|Any CPU.Build.0 = Release|Any CPU
		{EAF8B8D7-E712-40A3-B5F8-87DD51690E76}.Debug|Any CPU.ActiveCfg = Debug|Any CPU
		{EAF8B8D7-E712-40A3-B5F8-87DD51690E76}.Debug|Any CPU.Build.0 = Debug|Any CPU
		{EAF8B8D7-E712-40A3-B5F8-87DD51690E76}.Release|Any CPU.ActiveCfg = Release|Any CPU
		{EAF8B8D7-E712-40A3-B5F8-87DD51690E76}.Release|Any CPU.Build.0 = Release|Any CPU
		{CBE12D35-54F1-4F73-AF6A-2C1C34993964}.Debug|Any CPU.ActiveCfg = Debug|Any CPU
		{CBE12D35-54F1-4F73-AF6A-2C1C34993964}.Debug|Any CPU.Build.0 = Debug|Any CPU
		{CBE12D35-54F1-4F73-AF6A-2C1C34993964}.Release|Any CPU.ActiveCfg = Release|Any CPU
		{CBE12D35-54F1-4F73-AF6A-2C1C34993964}.Release|Any CPU.Build.0 = Release|Any CPU
		{5353F520-723C-4927-97B1-263FAAD97A16}.Debug|Any CPU.ActiveCfg = Debug|Any CPU
		{5353F520-723C-4927-97B1-263FAAD97A16}.Debug|Any CPU.Build.0 = Debug|Any CPU
		{5353F520-723C-4927-97B1-263FAAD97A16}.Release|Any CPU.ActiveCfg = Release|Any CPU
		{5353F520-723C-4927-97B1-263FAAD97A16}.Release|Any CPU.Build.0 = Release|Any CPU
		{17391DB3-F0A1-45D1-B776-2C41B28B1086}.Debug|Any CPU.ActiveCfg = Debug|Any CPU
		{17391DB3-F0A1-45D1-B776-2C41B28B1086}.Debug|Any CPU.Build.0 = Debug|Any CPU
		{17391DB3-F0A1-45D1-B776-2C41B28B1086}.Release|Any CPU.ActiveCfg = Release|Any CPU
		{17391DB3-F0A1-45D1-B776-2C41B28B1086}.Release|Any CPU.Build.0 = Release|Any CPU
		{1E4529F1-2EDC-4837-8072-528EEB9F916C}.Debug|Any CPU.ActiveCfg = Debug|Any CPU
		{1E4529F1-2EDC-4837-8072-528EEB9F916C}.Debug|Any CPU.Build.0 = Debug|Any CPU
		{1E4529F1-2EDC-4837-8072-528EEB9F916C}.Release|Any CPU.ActiveCfg = Release|Any CPU
		{1E4529F1-2EDC-4837-8072-528EEB9F916C}.Release|Any CPU.Build.0 = Release|Any CPU
		{AFCC4F52-82D8-4177-B510-5394DF8DEFD6}.Debug|Any CPU.ActiveCfg = Debug|Any CPU
		{AFCC4F52-82D8-4177-B510-5394DF8DEFD6}.Debug|Any CPU.Build.0 = Debug|Any CPU
		{AFCC4F52-82D8-4177-B510-5394DF8DEFD6}.Release|Any CPU.ActiveCfg = Release|Any CPU
		{AFCC4F52-82D8-4177-B510-5394DF8DEFD6}.Release|Any CPU.Build.0 = Release|Any CPU
	EndGlobalSection
	GlobalSection(SolutionProperties) = preSolution
		HideSolutionNode = FALSE
	EndGlobalSection
	GlobalSection(ExtensibilityGlobals) = postSolution
		SolutionGuid = {5B7C0006-9134-4A7E-81D8-3E2BE40D08EE}
	EndGlobalSection
EndGlobal
